
Microsoft Visual Studio Solution File, Format Version 12.00
# Visual Studio Version 16
VisualStudioVersion = 16.0.29025.244
MinimumVisualStudioVersion = 10.0.40219.1
Project("{FAE04EC0-301F-11D3-BF4B-00C04F79EFBC}") = "TabControl", "TabControl\TabControl.csproj", "{625129A9-4A82-4B3A-893A-A54EE399B538}"
EndProject
Global
	GlobalSection(SolutionConfigurationPlatforms) = preSolution
		Debug|Any CPU = Debug|Any CPU
		Release|Any CPU = Release|Any CPU
	EndGlobalSection
	GlobalSection(ProjectConfigurationPlatforms) = postSolution
		{625129A9-4A82-4B3A-893A-A54EE399B538}.Debug|Any CPU.ActiveCfg = Debug|Any CPU
		{625129A9-4A82-4B3A-893A-A54EE399B538}.Debug|Any CPU.Build.0 = Debug|Any CPU
		{625129A9-4A82-4B3A-893A-A54EE399B538}.Release|Any CPU.ActiveCfg = Release|Any CPU
		{625129A9-4A82-4B3A-893A-A54EE399B538}.Release|Any CPU.Build.0 = Release|Any CPU
	EndGlobalSection
	GlobalSection(SolutionProperties) = preSolution
		HideSolutionNode = FALSE
	EndGlobalSection
	GlobalSection(ExtensibilityGlobals) = postSolution
		SolutionGuid = {95124A36-1D13-4631-A5D3-AE7ED603379E}
	EndGlobalSection
EndGlobal
