
Microsoft Visual Studio Solution File, Format Version 12.00
# Visual Studio Version 16
VisualStudioVersion = 16.0.29025.244
MinimumVisualStudioVersion = 10.0.40219.1
Project("{FAE04EC0-301F-11D3-BF4B-00C04F79EFBC}") = "WpfControls", "WpfControls\WpfControls.csproj", "{4AB25195-DB60-43DC-871D-CE2B10829A86}"
EndProject
Global
	GlobalSection(SolutionConfigurationPlatforms) = preSolution
		Debug|Any CPU = Debug|Any CPU
		Release|Any CPU = Release|Any CPU
	EndGlobalSection
	GlobalSection(ProjectConfigurationPlatforms) = postSolution
		{4AB25195-DB60-43DC-871D-CE2B10829A86}.Debug|Any CPU.ActiveCfg = Debug|Any CPU
		{4AB25195-DB60-43DC-871D-CE2B10829A86}.Debug|Any CPU.Build.0 = Debug|Any CPU
		{4AB25195-DB60-43DC-871D-CE2B10829A86}.Release|Any CPU.ActiveCfg = Release|Any CPU
		{4AB25195-DB60-43DC-871D-CE2B10829A86}.Release|Any CPU.Build.0 = Release|Any CPU
	EndGlobalSection
	GlobalSection(SolutionProperties) = preSolution
		HideSolutionNode = FALSE
	EndGlobalSection
	GlobalSection(ExtensibilityGlobals) = postSolution
		SolutionGuid = {1D989262-42CA-4E46-82E7-4A84EBF2CC00}
	EndGlobalSection
EndGlobal
